<?xml version="1.0" encoding="utf-8"?>
<Project ToolsVersion="4.0" xmlns="http://schemas.microsoft.com/developer/msbuild/2003">
  <ItemGroup>
    <Filter Include="CFD_Interface">
      <UniqueIdentifier>{a7748516-18a1-44a3-9eb9-c9b6bbf70c10}</UniqueIdentifier>
    </Filter>
  </ItemGroup>
  <ItemGroup>
    <ClCompile Include="..\..\..\SRC\fire\CFD_Interface\CFD_Interface.cpp">
      <Filter>CFD_Interface</Filter>
    </ClCompile>
  </ItemGroup>
  <ItemGroup>
    <ClInclude Include="..\..\..\SRC\fire\CFD_Interface\CFD_Interface.h">
      <Filter>CFD_Interface</Filter>
    </ClInclude>
  </ItemGroup>
</Project>